{
  "name": "paws-swa-api",
  "version": "1.0.0",
  "lockfileVersion": 3,
  "requires": true,
  "packages": {
    "": {
      "name": "paws-swa-api",
      "version": "1.0.0",
      "dependencies": {
        "@azure/functions": "4.16.5",
        "firebase-admin": "14.4.0",
        "mssql": "12.7.2"
      },
      "engines": {
        "node": "22.x"
      }
    }
  }
}
